
Microsoft Visual Studio Solution File, Format Version 12.00
# Visual Studio Version 16
VisualStudioVersion = 25.0.1704.0
MinimumVisualStudioVersion = 10.0.40219.1
Project("{FAE04EC0-301F-11D3-BF4B-00C04F79EFBC}") = "BasicWebApi", "BasicWebApi\BasicWebApi.csproj", "{613CBE12-1142-46FF-873E-9962336C1315}"
EndProject
Project("{2150E333-8FDC-42A3-9474-1A3956D46DE8}") = ".docs", ".docs", "{BED340AC-5EA9-4692-979B-FC864EF2504E}"
	ProjectSection(SolutionItems) = preProject
		README.md = README.md
		LICENSE.md = LICENSE.md
	EndProjectSection
EndProject
Project("{2150E333-8FDC-42A3-9474-1A3956D46DE8}") = "Solution Items", "Solution Items", "{11919D23-AE56-436F-8585-71C7A83EAC12}"
	ProjectSection(SolutionItems) = preProject
		.editorconfig = .editorconfig
	EndProjectSection
EndProject
Global
	GlobalSection(SolutionConfigurationPlatforms) = preSolution
		Debug|Any CPU = Debug|Any CPU
		Release|Any CPU = Release|Any CPU
	EndGlobalSection
	GlobalSection(ProjectConfigurationPlatforms) = postSolution
		{613CBE12-1142-46FF-873E-9962336C1315}.Debug|Any CPU.ActiveCfg = Debug|Any CPU
		{613CBE12-1142-46FF-873E-9962336C1315}.Debug|Any CPU.Build.0 = Debug|Any CPU
		{613CBE12-1142-46FF-873E-9962336C1315}.Release|Any CPU.ActiveCfg = Release|Any CPU
		{613CBE12-1142-46FF-873E-9962336C1315}.Release|Any CPU.Build.0 = Release|Any CPU
	EndGlobalSection
	GlobalSection(SolutionProperties) = preSolution
		HideSolutionNode = FALSE
	EndGlobalSection
	GlobalSection(ExtensibilityGlobals) = postSolution
		SolutionGuid = {87B0A542-A73C-4B7B-8355-EE9B6C14BB70}
	EndGlobalSection
EndGlobal
